
Microsoft Visual Studio Solution File, Format Version 12.00
# Visual Studio Version 16
VisualStudioVersion = 16.0.30611.23
MinimumVisualStudioVersion = 10.0.40219.1
Project("{FAE04EC0-301F-11D3-BF4B-00C04F79EFBC}") = "SatisfactoryPAKInstaller", "SatisfactoryPAKInstaller.csproj", "{CF3B8728-C448-4DE7-98EC-FEF78C942AE2}"
EndProject
Global
	GlobalSection(SolutionConfigurationPlatforms) = preSolution
		Debug|Any CPU = Debug|Any CPU
		Release|Any CPU = Release|Any CPU
	EndGlobalSection
	GlobalSection(ProjectConfigurationPlatforms) = postSolution
		{CF3B8728-C448-4DE7-98EC-FEF78C942AE2}.Debug|Any CPU.ActiveCfg = Debug|Any CPU
		{CF3B8728-C448-4DE7-98EC-FEF78C942AE2}.Debug|Any CPU.Build.0 = Debug|Any CPU
		{CF3B8728-C448-4DE7-98EC-FEF78C942AE2}.Release|Any CPU.ActiveCfg = Release|Any CPU
		{CF3B8728-C448-4DE7-98EC-FEF78C942AE2}.Release|Any CPU.Build.0 = Release|Any CPU
	EndGlobalSection
	GlobalSection(SolutionProperties) = preSolution
		HideSolutionNode = FALSE
	EndGlobalSection
	GlobalSection(ExtensibilityGlobals) = postSolution
		SolutionGuid = {CC24864A-C892-473A-9054-49BD9F3F8DB4}
	EndGlobalSection
EndGlobal
